
Microsoft Visual Studio Solution File, Format Version 12.00
# Visual Studio 15
VisualStudioVersion = 15.0.27130.2036
MinimumVisualStudioVersion = 10.0.40219.1
Project("{FAE04EC0-301F-11D3-BF4B-00C04F79EFBC}") = "EliteIngressWeb", "EliteIngressWeb\EliteIngressWeb.csproj", "{2996DFFC-4284-4BA2-BFB9-896A8949144A}"
EndProject
Project("{2150E333-8FDC-42A3-9474-1A3956D46DE8}") = "EDMC Plugin", "EDMC Plugin", "{D35F882D-11BD-4947-9255-0ECD4458631A}"
	ProjectSection(SolutionItems) = preProject
		load.py = load.py
	EndProjectSection
EndProject
Global
	GlobalSection(SolutionConfigurationPlatforms) = preSolution
		Debug|Any CPU = Debug|Any CPU
		Release|Any CPU = Release|Any CPU
	EndGlobalSection
	GlobalSection(ProjectConfigurationPlatforms) = postSolution
		{2996DFFC-4284-4BA2-BFB9-896A8949144A}.Debug|Any CPU.ActiveCfg = Debug|Any CPU
		{2996DFFC-4284-4BA2-BFB9-896A8949144A}.Debug|Any CPU.Build.0 = Debug|Any CPU
		{2996DFFC-4284-4BA2-BFB9-896A8949144A}.Release|Any CPU.ActiveCfg = Release|Any CPU
		{2996DFFC-4284-4BA2-BFB9-896A8949144A}.Release|Any CPU.Build.0 = Release|Any CPU
	EndGlobalSection
	GlobalSection(SolutionProperties) = preSolution
		HideSolutionNode = FALSE
	EndGlobalSection
	GlobalSection(ExtensibilityGlobals) = postSolution
		SolutionGuid = {E1067570-94BF-481A-A323-1F7626953793}
	EndGlobalSection
EndGlobal
